// !$*UTF8*$!
{
	archiveVersion = 1;
	classes = {
	};
	objectVersion = 56;
	objects = {

/* Begin PBXBuildFile section */
		9012CD042B59A2EA00620307 /* BackButton.swift in Sources */ = {isa = PBXBuildFile; fileRef = 9012CD032B59A2EA00620307 /* BackButton.swift */; };
		9012CD072B59A41200620307 /* NewTransactionView.swift in Sources */ = {isa = PBXBuildFile; fileRef = 9012CD062B59A41200620307 /* NewTransactionView.swift */; };
		9012CD092B59A45A00620307 /* NewMerchantView.swift in Sources */ = {isa = PBXBuildFile; fileRef = 9012CD082B59A45A00620307 /* NewMerchantView.swift */; };
		9012CD0B2B59A9EF00620307 /* PersistenceManager.swift in Sources */ = {isa = PBXBuildFile; fileRef = 9012CD0A2B59A9EF00620307 /* PersistenceManager.swift */; };
		902BF71C2B598054008AE231 /* Money_SaverApp.swift in Sources */ = {isa = PBXBuildFile; fileRef = 902BF71B2B598054008AE231 /* Money_SaverApp.swift */; };
		902BF71E2B598054008AE231 /* ContentView.swift in Sources */ = {isa = PBXBuildFile; fileRef = 902BF71D2B598054008AE231 /* ContentView.swift */; };
		902BF7222B598055008AE231 /* Assets.xcassets in Resources */ = {isa = PBXBuildFile; fileRef = 902BF7212B598055008AE231 /* Assets.xcassets */; };
		902BF7252B598055008AE231 /* Preview Assets.xcassets in Resources */ = {isa = PBXBuildFile; fileRef = 902BF7242B598055008AE231 /* Preview Assets.xcassets */; };
		902BF7482B599A93008AE231 /* TransactionListView.swift in Sources */ = {isa = PBXBuildFile; fileRef = 902BF7472B599A93008AE231 /* TransactionListView.swift */; };
		902BF74A2B599AEB008AE231 /* MerchantListView.swift in Sources */ = {isa = PBXBuildFile; fileRef = 902BF7492B599AEB008AE231 /* MerchantListView.swift */; };
		90452AF02B5AD2DE00F0F82B /* AddButton.swift in Sources */ = {isa = PBXBuildFile; fileRef = 90452AEF2B5AD2DE00F0F82B /* AddButton.swift */; };
		90452AF22B5ADE5300F0F82B /* MerchantListCell.swift in Sources */ = {isa = PBXBuildFile; fileRef = 90452AF12B5ADE5300F0F82B /* MerchantListCell.swift */; };
		9067DB0F2B5EECA9005AD353 /* Merchant.swift in Sources */ = {isa = PBXBuildFile; fileRef = 9067DB0E2B5EECA9005AD353 /* Merchant.swift */; };
/* End PBXBuildFile section */

/* Begin PBXFileReference section */
		9012CD032B59A2EA00620307 /* BackButton.swift */ = {isa = PBXFileReference; lastKnownFileType = sourcecode.swift; path = BackButton.swift; sourceTree = "<group>"; };
		9012CD062B59A41200620307 /* NewTransactionView.swift */ = {isa = PBXFileReference; lastKnownFileType = sourcecode.swift; path = NewTransactionView.swift; sourceTree = "<group>"; };
		9012CD082B59A45A00620307 /* NewMerchantView.swift */ = {isa = PBXFileReference; lastKnownFileType = sourcecode.swift; path = NewMerchantView.swift; sourceTree = "<group>"; };
		9012CD0A2B59A9EF00620307 /* PersistenceManager.swift */ = {isa = PBXFileReference; lastKnownFileType = sourcecode.swift; path = PersistenceManager.swift; sourceTree = "<group>"; };
		902BF7182B598054008AE231 /* Money Saver.app */ = {isa = PBXFileReference; explicitFileType = wrapper.application; includeInIndex = 0; path = "Money Saver.app"; sourceTree = BUILT_PRODUCTS_DIR; };
		902BF71B2B598054008AE231 /* Money_SaverApp.swift */ = {isa = PBXFileReference; lastKnownFileType = sourcecode.swift; path = Money_SaverApp.swift; sourceTree = "<group>"; };
		902BF71D2B598054008AE231 /* ContentView.swift */ = {isa = PBXFileReference; lastKnownFileType = sourcecode.swift; path = ContentView.swift; sourceTree = "<group>"; };
		902BF7212B598055008AE231 /* Assets.xcassets */ = {isa = PBXFileReference; lastKnownFileType = folder.assetcatalog; path = Assets.xcassets; sourceTree = "<group>"; };
		902BF7242B598055008AE231 /* Preview Assets.xcassets */ = {isa = PBXFileReference; lastKnownFileType = folder.assetcatalog; path = "Preview Assets.xcassets"; sourceTree = "<group>"; };
		902BF7472B599A93008AE231 /* TransactionListView.swift */ = {isa = PBXFileReference; lastKnownFileType = sourcecode.swift; path = TransactionListView.swift; sourceTree = "<group>"; };
		902BF7492B599AEB008AE231 /* MerchantListView.swift */ = {isa = PBXFileReference; lastKnownFileType = sourcecode.swift; path = MerchantListView.swift; sourceTree = "<group>"; };
		90452AEF2B5AD2DE00F0F82B /* AddButton.swift */ = {isa = PBXFileReference; lastKnownFileType = sourcecode.swift; path = AddButton.swift; sourceTree = "<group>"; };
		90452AF12B5ADE5300F0F82B /* MerchantListCell.swift */ = {isa = PBXFileReference; lastKnownFileType = sourcecode.swift; path = MerchantListCell.swift; sourceTree = "<group>"; };
		9067DB0E2B5EECA9005AD353 /* Merchant.swift */ = {isa = PBXFileReference; lastKnownFileType = sourcecode.swift; path = Merchant.swift; sourceTree = "<group>"; };
/* End PBXFileReference section */

/* Begin PBXFrameworksBuildPhase section */
		902BF7152B598054008AE231 /* Frameworks */ = {
			isa = PBXFrameworksBuildPhase;
			buildActionMask = 2147483647;
			files = (
			);
			runOnlyForDeploymentPostprocessing = 0;
		};
/* End PBXFrameworksBuildPhase section */

/* Begin PBXGroup section */
		9012CCFF2B599E6F00620307 /* Components */ = {
			isa = PBXGroup;
			children = (
				9012CD032B59A2EA00620307 /* BackButton.swift */,
				90452AEF2B5AD2DE00F0F82B /* AddButton.swift */,
			);
			path = Components;
			sourceTree = "<group>";
		};
		9012CD022B599FC900620307 /* TransactionTab */ = {
			isa = PBXGroup;
			children = (
				902BF7472B599A93008AE231 /* TransactionListView.swift */,
				9012CD062B59A41200620307 /* NewTransactionView.swift */,
			);
			path = TransactionTab;
			sourceTree = "<group>";
		};
		9012CD052B59A34000620307 /* MerchantTab */ = {
			isa = PBXGroup;
			children = (
				902BF7492B599AEB008AE231 /* MerchantListView.swift */,
				9012CD082B59A45A00620307 /* NewMerchantView.swift */,
				90452AF12B5ADE5300F0F82B /* MerchantListCell.swift */,
				9067DB0E2B5EECA9005AD353 /* Merchant.swift */,
			);
			path = MerchantTab;
			sourceTree = "<group>";
		};
		902BF70F2B598054008AE231 = {
			isa = PBXGroup;
			children = (
				902BF71A2B598054008AE231 /* Money Saver */,
				902BF7192B598054008AE231 /* Products */,
			);
			sourceTree = "<group>";
		};
		902BF7192B598054008AE231 /* Products */ = {
			isa = PBXGroup;
			children = (
				902BF7182B598054008AE231 /* Money Saver.app */,
			);
			name = Products;
			sourceTree = "<group>";
		};
		902BF71A2B598054008AE231 /* Money Saver */ = {
			isa = PBXGroup;
			children = (
				902BF71B2B598054008AE231 /* Money_SaverApp.swift */,
				902BF71D2B598054008AE231 /* ContentView.swift */,
				9012CD052B59A34000620307 /* MerchantTab */,
				9012CD022B599FC900620307 /* TransactionTab */,
				9012CCFF2B599E6F00620307 /* Components */,
				9012CD0A2B59A9EF00620307 /* PersistenceManager.swift */,
				902BF7212B598055008AE231 /* Assets.xcassets */,
				902BF7232B598055008AE231 /* Preview Content */,
			);
			path = "Money Saver";
			sourceTree = "<group>";
		};
		902BF7232B598055008AE231 /* Preview Content */ = {
			isa = PBXGroup;
			children = (
				902BF7242B598055008AE231 /* Preview Assets.xcassets */,
			);
			path = "Preview Content";
			sourceTree = "<group>";
		};
/* End PBXGroup section */

/* Begin PBXNativeTarget section */
		902BF7172B598054008AE231 /* Money Saver */ = {
			isa = PBXNativeTarget;
			buildConfigurationList = 902BF7282B598055008AE231 /* Build configuration list for PBXNativeTarget "Money Saver" */;
			buildPhases = (
				902BF7142B598054008AE231 /* Sources */,
				902BF7152B598054008AE231 /* Frameworks */,
				902BF7162B598054008AE231 /* Resources */,
			);
			buildRules = (
			);
			dependencies = (
			);
			name = "Money Saver";
			productName = "Money Saver";
			productReference = 902BF7182B598054008AE231 /* Money Saver.app */;
			productType = "com.apple.product-type.application";
		};
/* End PBXNativeTarget section */

/* Begin PBXProject section */
		902BF7102B598054008AE231 /* Project object */ = {
			isa = PBXProject;
			attributes = {
				BuildIndependentTargetsInParallel = 1;
				LastSwiftUpdateCheck = 1520;
				LastUpgradeCheck = 1520;
				TargetAttributes = {
					902BF7172B598054008AE231 = {
						CreatedOnToolsVersion = 15.2;
					};
				};
			};
			buildConfigurationList = 902BF7132B598054008AE231 /* Build configuration list for PBXProject "Money Saver" */;
			compatibilityVersion = "Xcode 14.0";
			developmentRegion = en;
			hasScannedForEncodings = 0;
			knownRegions = (
				en,
				Base,
			);
			mainGroup = 902BF70F2B598054008AE231;
			productRefGroup = 902BF7192B598054008AE231 /* Products */;
			projectDirPath = "";
			projectRoot = "";
			targets = (
				902BF7172B598054008AE231 /* Money Saver */,
			);
		};
/* End PBXProject section */

/* Begin PBXResourcesBuildPhase section */
		902BF7162B598054008AE231 /* Resources */ = {
			isa = PBXResourcesBuildPhase;
			buildActionMask = 2147483647;
			files = (
				902BF7252B598055008AE231 /* Preview Assets.xcassets in Resources */,
				902BF7222B598055008AE231 /* Assets.xcassets in Resources */,
			);
			runOnlyForDeploymentPostprocessing = 0;
		};
/* End PBXResourcesBuildPhase section */

/* Begin PBXSourcesBuildPhase section */
		902BF7142B598054008AE231 /* Sources */ = {
			isa = PBXSourcesBuildPhase;
			buildActionMask = 2147483647;
			files = (
				902BF71E2B598054008AE231 /* ContentView.swift in Sources */,
				902BF71C2B598054008AE231 /* Money_SaverApp.swift in Sources */,
				9012CD042B59A2EA00620307 /* BackButton.swift in Sources */,
				90452AF22B5ADE5300F0F82B /* MerchantListCell.swift in Sources */,
				90452AF02B5AD2DE00F0F82B /* AddButton.swift in Sources */,
				9012CD072B59A41200620307 /* NewTransactionView.swift in Sources */,
				902BF74A2B599AEB008AE231 /* MerchantListView.swift in Sources */,
				9067DB0F2B5EECA9005AD353 /* Merchant.swift in Sources */,
				9012CD0B2B59A9EF00620307 /* PersistenceManager.swift in Sources */,
				902BF7482B599A93008AE231 /* TransactionListView.swift in Sources */,
				9012CD092B59A45A00620307 /* NewMerchantView.swift in Sources */,
			);
			runOnlyForDeploymentPostprocessing = 0;
		};
/* End PBXSourcesBuildPhase section */

/* Begin XCBuildConfiguration section */
		902BF7262B598055008AE231 /* Debug */ = {
			isa = XCBuildConfiguration;
			buildSettings = {
				ALWAYS_SEARCH_USER_PATHS = NO;
				ASSETCATALOG_COMPILER_GENERATE_SWIFT_ASSET_SYMBOL_EXTENSIONS = YES;
				CLANG_ANALYZER_NONNULL = YES;
				CLANG_ANALYZER_NUMBER_OBJECT_CONVERSION = YES_AGGRESSIVE;
				CLANG_CXX_LANGUAGE_STANDARD = "gnu++20";
				CLANG_ENABLE_MODULES = YES;
				CLANG_ENABLE_OBJC_ARC = YES;
				CLANG_ENABLE_OBJC_WEAK = YES;
				CLANG_WARN_BLOCK_CAPTURE_AUTORELEASING = YES;
				CLANG_WARN_BOOL_CONVERSION = YES;
				CLANG_WARN_COMMA = YES;
				CLANG_WARN_CONSTANT_CONVERSION = YES;
				CLANG_WARN_DEPRECATED_OBJC_IMPLEMENTATIONS = YES;
				CLANG_WARN_DIRECT_OBJC_ISA_USAGE = YES_ERROR;
				CLANG_WARN_DOCUMENTATION_COMMENTS = YES;
				CLANG_WARN_EMPTY_BODY = YES;
				CLANG_WARN_ENUM_CONVERSION = YES;
				CLANG_WARN_INFINITE_RECURSION = YES;
				CLANG_WARN_INT_CONVERSION = YES;
				CLANG_WARN_NON_LITERAL_NULL_CONVERSION = YES;
				CLANG_WARN_OBJC_IMPLICIT_RETAIN_SELF = YES;
				CLANG_WARN_OBJC_LITERAL_CONVERSION = YES;
				CLANG_WARN_OBJC_ROOT_CLASS = YES_ERROR;
				CLANG_WARN_QUOTED_INCLUDE_IN_FRAMEWORK_HEADER = YES;
				CLANG_WARN_RANGE_LOOP_ANALYSIS = YES;
				CLANG_WARN_STRICT_PROTOTYPES = YES;
				CLANG_WARN_SUSPICIOUS_MOVE = YES;
				CLANG_WARN_UNGUARDED_AVAILABILITY = YES_AGGRESSIVE;
				CLANG_WARN_UNREACHABLE_CODE = YES;
				CLANG_WARN__DUPLICATE_METHOD_MATCH = YES;
				COPY_PHASE_STRIP = NO;
				DEBUG_INFORMATION_FORMAT = dwarf;
				ENABLE_STRICT_OBJC_MSGSEND = YES;
				ENABLE_TESTABILITY = YES;
				ENABLE_USER_SCRIPT_SANDBOXING = YES;
				GCC_C_LANGUAGE_STANDARD = gnu17;
				GCC_DYNAMIC_NO_PIC = NO;
				GCC_NO_COMMON_BLOCKS = YES;
				GCC_OPTIMIZATION_LEVEL = 0;
				GCC_PREPROCESSOR_DEFINITIONS = (
					"DEBUG=1",
					"$(inherited)",
				);
				GCC_WARN_64_TO_32_BIT_CONVERSION = YES;
				GCC_WARN_ABOUT_RETURN_TYPE = YES_ERROR;
				GCC_WARN_UNDECLARED_SELECTOR = YES;
				GCC_WARN_UNINITIALIZED_AUTOS = YES_AGGRESSIVE;
				GCC_WARN_UNUSED_FUNCTION = YES;
				GCC_WARN_UNUSED_VARIABLE = YES;
				IPHONEOS_DEPLOYMENT_TARGET = 17.2;
				LOCALIZATION_PREFERS_STRING_CATALOGS = YES;
				MTL_ENABLE_DEBUG_INFO = INCLUDE_SOURCE;
				MTL_FAST_MATH = YES;
				ONLY_ACTIVE_ARCH = YES;
				SDKROOT = iphoneos;
				SWIFT_ACTIVE_COMPILATION_CONDITIONS = "DEBUG $(inherited)";
				SWIFT_OPTIMIZATION_LEVEL = "-Onone";
			};
			name = Debug;
		};
		902BF7272B598055008AE231 /* Release */ = {
			isa = XCBuildConfiguration;
			buildSettings = {
				ALWAYS_SEARCH_USER_PATHS = NO;
				ASSETCATALOG_COMPILER_GENERATE_SWIFT_ASSET_SYMBOL_EXTENSIONS = YES;
				CLANG_ANALYZER_NONNULL = YES;
				CLANG_ANALYZER_NUMBER_OBJECT_CONVERSION = YES_AGGRESSIVE;
				CLANG_CXX_LANGUAGE_STANDARD = "gnu++20";
				CLANG_ENABLE_MODULES = YES;
				CLANG_ENABLE_OBJC_ARC = YES;
				CLANG_ENABLE_OBJC_WEAK = YES;
				CLANG_WARN_BLOCK_CAPTURE_AUTORELEASING = YES;
				CLANG_WARN_BOOL_CONVERSION = YES;
				CLANG_WARN_COMMA = YES;
				CLANG_WARN_CONSTANT_CONVERSION = YES;
				CLANG_WARN_DEPRECATED_OBJC_IMPLEMENTATIONS = YES;
				CLANG_WARN_DIRECT_OBJC_ISA_USAGE = YES_ERROR;
				CLANG_WARN_DOCUMENTATION_COMMENTS = YES;
				CLANG_WARN_EMPTY_BODY = YES;
				CLANG_WARN_ENUM_CONVERSION = YES;
				CLANG_WARN_INFINITE_RECURSION = YES;
				CLANG_WARN_INT_CONVERSION = YES;
				CLANG_WARN_NON_LITERAL_NULL_CONVERSION = YES;
				CLANG_WARN_OBJC_IMPLICIT_RETAIN_SELF = YES;
				CLANG_WARN_OBJC_LITERAL_CONVERSION = YES;
				CLANG_WARN_OBJC_ROOT_CLASS = YES_ERROR;
				CLANG_WARN_QUOTED_INCLUDE_IN_FRAMEWORK_HEADER = YES;
				CLANG_WARN_RANGE_LOOP_ANALYSIS = YES;
				CLANG_WARN_STRICT_PROTOTYPES = YES;
				CLANG_WARN_SUSPICIOUS_MOVE = YES;
				CLANG_WARN_UNGUARDED_AVAILABILITY = YES_AGGRESSIVE;
				CLANG_WARN_UNREACHABLE_CODE = YES;
				CLANG_WARN__DUPLICATE_METHOD_MATCH = YES;
				COPY_PHASE_STRIP = NO;
				DEBUG_INFORMATION_FORMAT = "dwarf-with-dsym";
				ENABLE_NS_ASSERTIONS = NO;
				ENABLE_STRICT_OBJC_MSGSEND = YES;
				ENABLE_USER_SCRIPT_SANDBOXING = YES;
				GCC_C_LANGUAGE_STANDARD = gnu17;
				GCC_NO_COMMON_BLOCKS = YES;
				GCC_WARN_64_TO_32_BIT_CONVERSION = YES;
				GCC_WARN_ABOUT_RETURN_TYPE = YES_ERROR;
				GCC_WARN_UNDECLARED_SELECTOR = YES;
				GCC_WARN_UNINITIALIZED_AUTOS = YES_AGGRESSIVE;
				GCC_WARN_UNUSED_FUNCTION = YES;
				GCC_WARN_UNUSED_VARIABLE = YES;
				IPHONEOS_DEPLOYMENT_TARGET = 17.2;
				LOCALIZATION_PREFERS_STRING_CATALOGS = YES;
				MTL_ENABLE_DEBUG_INFO = NO;
				MTL_FAST_MATH = YES;
				SDKROOT = iphoneos;
				SWIFT_COMPILATION_MODE = wholemodule;
				VALIDATE_PRODUCT = YES;
			};
			name = Release;
		};
		902BF7292B598055008AE231 /* Debug */ = {
			isa = XCBuildConfiguration;
			buildSettings = {
				ASSETCATALOG_COMPILER_APPICON_NAME = AppIcon;
				ASSETCATALOG_COMPILER_GLOBAL_ACCENT_COLOR_NAME = AccentColor;
				CODE_SIGN_STYLE = Automatic;
				CURRENT_PROJECT_VERSION = 1;
				DEVELOPMENT_ASSET_PATHS = "\"Money Saver/Preview Content\"";
				DEVELOPMENT_TEAM = 35T7LUKJ28;
				ENABLE_PREVIEWS = YES;
				GENERATE_INFOPLIST_FILE = YES;
				INFOPLIST_KEY_UIApplicationSceneManifest_Generation = YES;
				INFOPLIST_KEY_UIApplicationSupportsIndirectInputEvents = YES;
				INFOPLIST_KEY_UILaunchScreen_Generation = YES;
				INFOPLIST_KEY_UISupportedInterfaceOrientations_iPad = "UIInterfaceOrientationPortrait UIInterfaceOrientationPortraitUpsideDown UIInterfaceOrientationLandscapeLeft UIInterfaceOrientationLandscapeRight";
				INFOPLIST_KEY_UISupportedInterfaceOrientations_iPhone = "UIInterfaceOrientationPortrait UIInterfaceOrientationLandscapeLeft UIInterfaceOrientationLandscapeRight";
				LD_RUNPATH_SEARCH_PATHS = (
					"$(inherited)",
					"@executable_path/Frameworks",
				);
				MARKETING_VERSION = 1.0;
				PRODUCT_BUNDLE_IDENTIFIER = "rhysjulianjones.Money-Saver";
				PRODUCT_NAME = "$(TARGET_NAME)";
				SWIFT_EMIT_LOC_STRINGS = YES;
				SWIFT_VERSION = 5.0;
				TARGETED_DEVICE_FAMILY = "1,2";
			};
			name = Debug;
		};
		902BF72A2B598055008AE231 /* Release */ = {
			isa = XCBuildConfiguration;
			buildSettings = {
				ASSETCATALOG_COMPILER_APPICON_NAME = AppIcon;
				ASSETCATALOG_COMPILER_GLOBAL_ACCENT_COLOR_NAME = AccentColor;
				CODE_SIGN_STYLE = Automatic;
				CURRENT_PROJECT_VERSION = 1;
				DEVELOPMENT_ASSET_PATHS = "\"Money Saver/Preview Content\"";
				DEVELOPMENT_TEAM = 35T7LUKJ28;
				ENABLE_PREVIEWS = YES;
				GENERATE_INFOPLIST_FILE = YES;
				INFOPLIST_KEY_UIApplicationSceneManifest_Generation = YES;
				INFOPLIST_KEY_UIApplicationSupportsIndirectInputEvents = YES;
				INFOPLIST_KEY_UILaunchScreen_Generation = YES;
				INFOPLIST_KEY_UISupportedInterfaceOrientations_iPad = "UIInterfaceOrientationPortrait UIInterfaceOrientationPortraitUpsideDown UIInterfaceOrientationLandscapeLeft UIInterfaceOrientationLandscapeRight";
				INFOPLIST_KEY_UISupportedInterfaceOrientations_iPhone = "UIInterfaceOrientationPortrait UIInterfaceOrientationLandscapeLeft UIInterfaceOrientationLandscapeRight";
				LD_RUNPATH_SEARCH_PATHS = (
					"$(inherited)",
					"@executable_path/Frameworks",
				);
				MARKETING_VERSION = 1.0;
				PRODUCT_BUNDLE_IDENTIFIER = "rhysjulianjones.Money-Saver";
				PRODUCT_NAME = "$(TARGET_NAME)";
				SWIFT_EMIT_LOC_STRINGS = YES;
				SWIFT_VERSION = 5.0;
				TARGETED_DEVICE_FAMILY = "1,2";
			};
			name = Release;
		};
/* End XCBuildConfiguration section */

/* Begin XCConfigurationList section */
		902BF7132B598054008AE231 /* Build configuration list for PBXProject "Money Saver" */ = {
			isa = XCConfigurationList;
			buildConfigurations = (
				902BF7262B598055008AE231 /* Debug */,
				902BF7272B598055008AE231 /* Release */,
			);
			defaultConfigurationIsVisible = 0;
			defaultConfigurationName = Release;
		};
		902BF7282B598055008AE231 /* Build configuration list for PBXNativeTarget "Money Saver" */ = {
			isa = XCConfigurationList;
			buildConfigurations = (
				902BF7292B598055008AE231 /* Debug */,
				902BF72A2B598055008AE231 /* Release */,
			);
			defaultConfigurationIsVisible = 0;
			defaultConfigurationName = Release;
		};
/* End XCConfigurationList section */
	};
	rootObject = 902BF7102B598054008AE231 /* Project object */;
}
